
Microsoft Visual Studio Solution File, Format Version 12.00
# Visual Studio Version 17
VisualStudioVersion = 17.1.32421.90
MinimumVisualStudioVersion = 10.0.40219.1
Project("{9A19103F-16F7-4668-BE54-9A1E7A4F7556}") = "UdemyAPI", "UdemyAPI\UdemyAPI.csproj", "{30A6B2D0-B645-474E-B205-19ECDCF8D9DF}"
EndProject
Project("{FAE04EC0-301F-11D3-BF4B-00C04F79EFBC}") = "AppUdemy.Android", "AppUdemy\AppUdemy.Android\AppUdemy.Android.csproj", "{5E170745-8A37-41A1-AC9F-BE3407C41AF3}"
EndProject
Project("{FAE04EC0-301F-11D3-BF4B-00C04F79EFBC}") = "AppUdemy.iOS", "AppUdemy\AppUdemy.iOS\AppUdemy.iOS.csproj", "{D6EE2F5C-754E-4473-B41F-67B671120C4E}"
EndProject
Project("{FAE04EC0-301F-11D3-BF4B-00C04F79EFBC}") = "AppUdemy", "AppUdemy\AppUdemy\AppUdemy.csproj", "{E606DEA3-1DE9-4A78-8164-F42667AD6308}"
EndProject
Global
	GlobalSection(SolutionConfigurationPlatforms) = preSolution
		Debug|Any CPU = Debug|Any CPU
		Debug|iPhone = Debug|iPhone
		Debug|iPhoneSimulator = Debug|iPhoneSimulator
		Release|Any CPU = Release|Any CPU
		Release|iPhone = Release|iPhone
		Release|iPhoneSimulator = Release|iPhoneSimulator
	EndGlobalSection
	GlobalSection(ProjectConfigurationPlatforms) = postSolution
		{30A6B2D0-B645-474E-B205-19ECDCF8D9DF}.Debug|Any CPU.ActiveCfg = Debug|Any CPU
		{30A6B2D0-B645-474E-B205-19ECDCF8D9DF}.Debug|Any CPU.Build.0 = Debug|Any CPU
		{30A6B2D0-B645-474E-B205-19ECDCF8D9DF}.Debug|iPhone.ActiveCfg = Debug|Any CPU
		{30A6B2D0-B645-474E-B205-19ECDCF8D9DF}.Debug|iPhone.Build.0 = Debug|Any CPU
		{30A6B2D0-B645-474E-B205-19ECDCF8D9DF}.Debug|iPhoneSimulator.ActiveCfg = Debug|Any CPU
		{30A6B2D0-B645-474E-B205-19ECDCF8D9DF}.Debug|iPhoneSimulator.Build.0 = Debug|Any CPU
		{30A6B2D0-B645-474E-B205-19ECDCF8D9DF}.Release|Any CPU.ActiveCfg = Release|Any CPU
		{30A6B2D0-B645-474E-B205-19ECDCF8D9DF}.Release|Any CPU.Build.0 = Release|Any CPU
		{30A6B2D0-B645-474E-B205-19ECDCF8D9DF}.Release|iPhone.ActiveCfg = Release|Any CPU
		{30A6B2D0-B645-474E-B205-19ECDCF8D9DF}.Release|iPhone.Build.0 = Release|Any CPU
		{30A6B2D0-B645-474E-B205-19ECDCF8D9DF}.Release|iPhoneSimulator.ActiveCfg = Release|Any CPU
		{30A6B2D0-B645-474E-B205-19ECDCF8D9DF}.Release|iPhoneSimulator.Build.0 = Release|Any CPU
		{5E170745-8A37-41A1-AC9F-BE3407C41AF3}.Debug|Any CPU.ActiveCfg = Debug|Any CPU
		{5E170745-8A37-41A1-AC9F-BE3407C41AF3}.Debug|Any CPU.Build.0 = Debug|Any CPU
		{5E170745-8A37-41A1-AC9F-BE3407C41AF3}.Debug|Any CPU.Deploy.0 = Debug|Any CPU
		{5E170745-8A37-41A1-AC9F-BE3407C41AF3}.Debug|iPhone.ActiveCfg = Debug|Any CPU
		{5E170745-8A37-41A1-AC9F-BE3407C41AF3}.Debug|iPhone.Build.0 = Debug|Any CPU
		{5E170745-8A37-41A1-AC9F-BE3407C41AF3}.Debug|iPhone.Deploy.0 = Debug|Any CPU
		{5E170745-8A37-41A1-AC9F-BE3407C41AF3}.Debug|iPhoneSimulator.ActiveCfg = Debug|Any CPU
		{5E170745-8A37-41A1-AC9F-BE3407C41AF3}.Debug|iPhoneSimulator.Build.0 = Debug|Any CPU
		{5E170745-8A37-41A1-AC9F-BE3407C41AF3}.Debug|iPhoneSimulator.Deploy.0 = Debug|Any CPU
		{5E170745-8A37-41A1-AC9F-BE3407C41AF3}.Release|Any CPU.ActiveCfg = Release|Any CPU
		{5E170745-8A37-41A1-AC9F-BE3407C41AF3}.Release|Any CPU.Build.0 = Release|Any CPU
		{5E170745-8A37-41A1-AC9F-BE3407C41AF3}.Release|Any CPU.Deploy.0 = Release|Any CPU
		{5E170745-8A37-41A1-AC9F-BE3407C41AF3}.Release|iPhone.ActiveCfg = Release|Any CPU
		{5E170745-8A37-41A1-AC9F-BE3407C41AF3}.Release|iPhone.Build.0 = Release|Any CPU
		{5E170745-8A37-41A1-AC9F-BE3407C41AF3}.Release|iPhone.Deploy.0 = Release|Any CPU
		{5E170745-8A37-41A1-AC9F-BE3407C41AF3}.Release|iPhoneSimulator.ActiveCfg = Release|Any CPU
		{5E170745-8A37-41A1-AC9F-BE3407C41AF3}.Release|iPhoneSimulator.Build.0 = Release|Any CPU
		{5E170745-8A37-41A1-AC9F-BE3407C41AF3}.Release|iPhoneSimulator.Deploy.0 = Release|Any CPU
		{D6EE2F5C-754E-4473-B41F-67B671120C4E}.Debug|Any CPU.ActiveCfg = Debug|iPhoneSimulator
		{D6EE2F5C-754E-4473-B41F-67B671120C4E}.Debug|Any CPU.Build.0 = Debug|iPhoneSimulator
		{D6EE2F5C-754E-4473-B41F-67B671120C4E}.Debug|iPhone.ActiveCfg = Debug|iPhone
		{D6EE2F5C-754E-4473-B41F-67B671120C4E}.Debug|iPhone.Build.0 = Debug|iPhone
		{D6EE2F5C-754E-4473-B41F-67B671120C4E}.Debug|iPhoneSimulator.ActiveCfg = Debug|iPhoneSimulator
		{D6EE2F5C-754E-4473-B41F-67B671120C4E}.Debug|iPhoneSimulator.Build.0 = Debug|iPhoneSimulator
		{D6EE2F5C-754E-4473-B41F-67B671120C4E}.Release|Any CPU.ActiveCfg = Release|iPhoneSimulator
		{D6EE2F5C-754E-4473-B41F-67B671120C4E}.Release|Any CPU.Build.0 = Release|iPhoneSimulator
		{D6EE2F5C-754E-4473-B41F-67B671120C4E}.Release|iPhone.ActiveCfg = Release|iPhone
		{D6EE2F5C-754E-4473-B41F-67B671120C4E}.Release|iPhone.Build.0 = Release|iPhone
		{D6EE2F5C-754E-4473-B41F-67B671120C4E}.Release|iPhoneSimulator.ActiveCfg = Release|iPhoneSimulator
		{D6EE2F5C-754E-4473-B41F-67B671120C4E}.Release|iPhoneSimulator.Build.0 = Release|iPhoneSimulator
		{E606DEA3-1DE9-4A78-8164-F42667AD6308}.Debug|Any CPU.ActiveCfg = Debug|Any CPU
		{E606DEA3-1DE9-4A78-8164-F42667AD6308}.Debug|Any CPU.Build.0 = Debug|Any CPU
		{E606DEA3-1DE9-4A78-8164-F42667AD6308}.Debug|iPhone.ActiveCfg = Debug|Any CPU
		{E606DEA3-1DE9-4A78-8164-F42667AD6308}.Debug|iPhone.Build.0 = Debug|Any CPU
		{E606DEA3-1DE9-4A78-8164-F42667AD6308}.Debug|iPhoneSimulator.ActiveCfg = Debug|Any CPU
		{E606DEA3-1DE9-4A78-8164-F42667AD6308}.Debug|iPhoneSimulator.Build.0 = Debug|Any CPU
		{E606DEA3-1DE9-4A78-8164-F42667AD6308}.Release|Any CPU.ActiveCfg = Release|Any CPU
		{E606DEA3-1DE9-4A78-8164-F42667AD6308}.Release|Any CPU.Build.0 = Release|Any CPU
		{E606DEA3-1DE9-4A78-8164-F42667AD6308}.Release|iPhone.ActiveCfg = Release|Any CPU
		{E606DEA3-1DE9-4A78-8164-F42667AD6308}.Release|iPhone.Build.0 = Release|Any CPU
		{E606DEA3-1DE9-4A78-8164-F42667AD6308}.Release|iPhoneSimulator.ActiveCfg = Release|Any CPU
		{E606DEA3-1DE9-4A78-8164-F42667AD6308}.Release|iPhoneSimulator.Build.0 = Release|Any CPU
	EndGlobalSection
	GlobalSection(SolutionProperties) = preSolution
		HideSolutionNode = FALSE
	EndGlobalSection
	GlobalSection(ExtensibilityGlobals) = postSolution
		SolutionGuid = {D0B729D1-0256-4804-B066-BE65A0D57C67}
	EndGlobalSection
EndGlobal
